// !$*UTF8*$!
{
	archiveVersion = 1;
	classes = {
	};
	objectVersion = 56;
	objects = {

/* Begin PBXBuildFile section */
		4EE2A35A2C92059E00D416C7 /* Screentime_SandboxApp.swift in Sources */ = {isa = PBXBuildFile; fileRef = 4EE2A3592C92059E00D416C7 /* Screentime_SandboxApp.swift */; };
		4EE2A35C2C92059E00D416C7 /* ContentView.swift in Sources */ = {isa = PBXBuildFile; fileRef = 4EE2A35B2C92059E00D416C7 /* ContentView.swift */; };
		4EE2A35E2C9205A400D416C7 /* Assets.xcassets in Resources */ = {isa = PBXBuildFile; fileRef = 4EE2A35D2C9205A400D416C7 /* Assets.xcassets */; };
		4EE2A3612C9205A400D416C7 /* Preview Assets.xcassets in Resources */ = {isa = PBXBuildFile; fileRef = 4EE2A3602C9205A400D416C7 /* Preview Assets.xcassets */; };
		4EE2A36B2C9205A500D416C7 /* Screentime_SandboxTests.swift in Sources */ = {isa = PBXBuildFile; fileRef = 4EE2A36A2C9205A500D416C7 /* Screentime_SandboxTests.swift */; };
		4EE2A3752C9205A600D416C7 /* Screentime_SandboxUITests.swift in Sources */ = {isa = PBXBuildFile; fileRef = 4EE2A3742C9205A600D416C7 /* Screentime_SandboxUITests.swift */; };
		4EE2A3772C9205A600D416C7 /* Screentime_SandboxUITestsLaunchTests.swift in Sources */ = {isa = PBXBuildFile; fileRef = 4EE2A3762C9205A600D416C7 /* Screentime_SandboxUITestsLaunchTests.swift */; };
/* End PBXBuildFile section */

/* Begin PBXContainerItemProxy section */
		4EE2A3672C9205A500D416C7 /* PBXContainerItemProxy */ = {
			isa = PBXContainerItemProxy;
			containerPortal = 4EE2A34E2C92059D00D416C7 /* Project object */;
			proxyType = 1;
			remoteGlobalIDString = 4EE2A3552C92059E00D416C7;
			remoteInfo = "Screentime-Sandbox";
		};
		4EE2A3712C9205A600D416C7 /* PBXContainerItemProxy */ = {
			isa = PBXContainerItemProxy;
			containerPortal = 4EE2A34E2C92059D00D416C7 /* Project object */;
			proxyType = 1;
			remoteGlobalIDString = 4EE2A3552C92059E00D416C7;
			remoteInfo = "Screentime-Sandbox";
		};
/* End PBXContainerItemProxy section */

/* Begin PBXFileReference section */
		4EE2A3562C92059E00D416C7 /* Screentime-Sandbox.app */ = {isa = PBXFileReference; explicitFileType = wrapper.application; includeInIndex = 0; path = "Screentime-Sandbox.app"; sourceTree = BUILT_PRODUCTS_DIR; };
		4EE2A3592C92059E00D416C7 /* Screentime_SandboxApp.swift */ = {isa = PBXFileReference; lastKnownFileType = sourcecode.swift; path = Screentime_SandboxApp.swift; sourceTree = "<group>"; };
		4EE2A35B2C92059E00D416C7 /* ContentView.swift */ = {isa = PBXFileReference; lastKnownFileType = sourcecode.swift; path = ContentView.swift; sourceTree = "<group>"; };
		4EE2A35D2C9205A400D416C7 /* Assets.xcassets */ = {isa = PBXFileReference; lastKnownFileType = folder.assetcatalog; path = Assets.xcassets; sourceTree = "<group>"; };
		4EE2A3602C9205A400D416C7 /* Preview Assets.xcassets */ = {isa = PBXFileReference; lastKnownFileType = folder.assetcatalog; path = "Preview Assets.xcassets"; sourceTree = "<group>"; };
		4EE2A3662C9205A500D416C7 /* Screentime-SandboxTests.xctest */ = {isa = PBXFileReference; explicitFileType = wrapper.cfbundle; includeInIndex = 0; path = "Screentime-SandboxTests.xctest"; sourceTree = BUILT_PRODUCTS_DIR; };
		4EE2A36A2C9205A500D416C7 /* Screentime_SandboxTests.swift */ = {isa = PBXFileReference; lastKnownFileType = sourcecode.swift; path = Screentime_SandboxTests.swift; sourceTree = "<group>"; };
		4EE2A3702C9205A600D416C7 /* Screentime-SandboxUITests.xctest */ = {isa = PBXFileReference; explicitFileType = wrapper.cfbundle; includeInIndex = 0; path = "Screentime-SandboxUITests.xctest"; sourceTree = BUILT_PRODUCTS_DIR; };
		4EE2A3742C9205A600D416C7 /* Screentime_SandboxUITests.swift */ = {isa = PBXFileReference; lastKnownFileType = sourcecode.swift; path = Screentime_SandboxUITests.swift; sourceTree = "<group>"; };
		4EE2A3762C9205A600D416C7 /* Screentime_SandboxUITestsLaunchTests.swift */ = {isa = PBXFileReference; lastKnownFileType = sourcecode.swift; path = Screentime_SandboxUITestsLaunchTests.swift; sourceTree = "<group>"; };
/* End PBXFileReference section */

/* Begin PBXFrameworksBuildPhase section */
		4EE2A3532C92059E00D416C7 /* Frameworks */ = {
			isa = PBXFrameworksBuildPhase;
			buildActionMask = 2147483647;
			files = (
			);
			runOnlyForDeploymentPostprocessing = 0;
		};
		4EE2A3632C9205A500D416C7 /* Frameworks */ = {
			isa = PBXFrameworksBuildPhase;
			buildActionMask = 2147483647;
			files = (
			);
			runOnlyForDeploymentPostprocessing = 0;
		};
		4EE2A36D2C9205A600D416C7 /* Frameworks */ = {
			isa = PBXFrameworksBuildPhase;
			buildActionMask = 2147483647;
			files = (
			);
			runOnlyForDeploymentPostprocessing = 0;
		};
/* End PBXFrameworksBuildPhase section */

/* Begin PBXGroup section */
		4EE2A34D2C92059D00D416C7 = {
			isa = PBXGroup;
			children = (
				4EE2A3582C92059E00D416C7 /* Screentime-Sandbox */,
				4EE2A3692C9205A500D416C7 /* Screentime-SandboxTests */,
				4EE2A3732C9205A600D416C7 /* Screentime-SandboxUITests */,
				4EE2A3572C92059E00D416C7 /* Products */,
			);
			sourceTree = "<group>";
		};
		4EE2A3572C92059E00D416C7 /* Products */ = {
			isa = PBXGroup;
			children = (
				4EE2A3562C92059E00D416C7 /* Screentime-Sandbox.app */,
				4EE2A3662C9205A500D416C7 /* Screentime-SandboxTests.xctest */,
				4EE2A3702C9205A600D416C7 /* Screentime-SandboxUITests.xctest */,
			);
			name = Products;
			sourceTree = "<group>";
		};
		4EE2A3582C92059E00D416C7 /* Screentime-Sandbox */ = {
			isa = PBXGroup;
			children = (
				4EE2A3592C92059E00D416C7 /* Screentime_SandboxApp.swift */,
				4EE2A35B2C92059E00D416C7 /* ContentView.swift */,
				4EE2A35D2C9205A400D416C7 /* Assets.xcassets */,
				4EE2A35F2C9205A400D416C7 /* Preview Content */,
			);
			path = "Screentime-Sandbox";
			sourceTree = "<group>";
		};
		4EE2A35F2C9205A400D416C7 /* Preview Content */ = {
			isa = PBXGroup;
			children = (
				4EE2A3602C9205A400D416C7 /* Preview Assets.xcassets */,
			);
			path = "Preview Content";
			sourceTree = "<group>";
		};
		4EE2A3692C9205A500D416C7 /* Screentime-SandboxTests */ = {
			isa = PBXGroup;
			children = (
				4EE2A36A2C9205A500D416C7 /* Screentime_SandboxTests.swift */,
			);
			path = "Screentime-SandboxTests";
			sourceTree = "<group>";
		};
		4EE2A3732C9205A600D416C7 /* Screentime-SandboxUITests */ = {
			isa = PBXGroup;
			children = (
				4EE2A3742C9205A600D416C7 /* Screentime_SandboxUITests.swift */,
				4EE2A3762C9205A600D416C7 /* Screentime_SandboxUITestsLaunchTests.swift */,
			);
			path = "Screentime-SandboxUITests";
			sourceTree = "<group>";
		};
/* End PBXGroup section */

/* Begin PBXNativeTarget section */
		4EE2A3552C92059E00D416C7 /* Screentime-Sandbox */ = {
			isa = PBXNativeTarget;
			buildConfigurationList = 4EE2A37A2C9205A600D416C7 /* Build configuration list for PBXNativeTarget "Screentime-Sandbox" */;
			buildPhases = (
				4EE2A3522C92059E00D416C7 /* Sources */,
				4EE2A3532C92059E00D416C7 /* Frameworks */,
				4EE2A3542C92059E00D416C7 /* Resources */,
			);
			buildRules = (
			);
			dependencies = (
			);
			name = "Screentime-Sandbox";
			productName = "Screentime-Sandbox";
			productReference = 4EE2A3562C92059E00D416C7 /* Screentime-Sandbox.app */;
			productType = "com.apple.product-type.application";
		};
		4EE2A3652C9205A500D416C7 /* Screentime-SandboxTests */ = {
			isa = PBXNativeTarget;
			buildConfigurationList = 4EE2A37D2C9205A600D416C7 /* Build configuration list for PBXNativeTarget "Screentime-SandboxTests" */;
			buildPhases = (
				4EE2A3622C9205A500D416C7 /* Sources */,
				4EE2A3632C9205A500D416C7 /* Frameworks */,
				4EE2A3642C9205A500D416C7 /* Resources */,
			);
			buildRules = (
			);
			dependencies = (
				4EE2A3682C9205A500D416C7 /* PBXTargetDependency */,
			);
			name = "Screentime-SandboxTests";
			productName = "Screentime-SandboxTests";
			productReference = 4EE2A3662C9205A500D416C7 /* Screentime-SandboxTests.xctest */;
			productType = "com.apple.product-type.bundle.unit-test";
		};
		4EE2A36F2C9205A600D416C7 /* Screentime-SandboxUITests */ = {
			isa = PBXNativeTarget;
			buildConfigurationList = 4EE2A3802C9205A600D416C7 /* Build configuration list for PBXNativeTarget "Screentime-SandboxUITests" */;
			buildPhases = (
				4EE2A36C2C9205A600D416C7 /* Sources */,
				4EE2A36D2C9205A600D416C7 /* Frameworks */,
				4EE2A36E2C9205A600D416C7 /* Resources */,
			);
			buildRules = (
			);
			dependencies = (
				4EE2A3722C9205A600D416C7 /* PBXTargetDependency */,
			);
			name = "Screentime-SandboxUITests";
			productName = "Screentime-SandboxUITests";
			productReference = 4EE2A3702C9205A600D416C7 /* Screentime-SandboxUITests.xctest */;
			productType = "com.apple.product-type.bundle.ui-testing";
		};
/* End PBXNativeTarget section */

/* Begin PBXProject section */
		4EE2A34E2C92059D00D416C7 /* Project object */ = {
			isa = PBXProject;
			attributes = {
				BuildIndependentTargetsInParallel = 1;
				LastSwiftUpdateCheck = 1540;
				LastUpgradeCheck = 1540;
				TargetAttributes = {
					4EE2A3552C92059E00D416C7 = {
						CreatedOnToolsVersion = 15.4;
					};
					4EE2A3652C9205A500D416C7 = {
						CreatedOnToolsVersion = 15.4;
						TestTargetID = 4EE2A3552C92059E00D416C7;
					};
					4EE2A36F2C9205A600D416C7 = {
						CreatedOnToolsVersion = 15.4;
						TestTargetID = 4EE2A3552C92059E00D416C7;
					};
				};
			};
			buildConfigurationList = 4EE2A3512C92059D00D416C7 /* Build configuration list for PBXProject "Screentime-Sandbox" */;
			compatibilityVersion = "Xcode 14.0";
			developmentRegion = en;
			hasScannedForEncodings = 0;
			knownRegions = (
				en,
				Base,
			);
			mainGroup = 4EE2A34D2C92059D00D416C7;
			productRefGroup = 4EE2A3572C92059E00D416C7 /* Products */;
			projectDirPath = "";
			projectRoot = "";
			targets = (
				4EE2A3552C92059E00D416C7 /* Screentime-Sandbox */,
				4EE2A3652C9205A500D416C7 /* Screentime-SandboxTests */,
				4EE2A36F2C9205A600D416C7 /* Screentime-SandboxUITests */,
			);
		};
/* End PBXProject section */

/* Begin PBXResourcesBuildPhase section */
		4EE2A3542C92059E00D416C7 /* Resources */ = {
			isa = PBXResourcesBuildPhase;
			buildActionMask = 2147483647;
			files = (
				4EE2A3612C9205A400D416C7 /* Preview Assets.xcassets in Resources */,
				4EE2A35E2C9205A400D416C7 /* Assets.xcassets in Resources */,
			);
			runOnlyForDeploymentPostprocessing = 0;
		};
		4EE2A3642C9205A500D416C7 /* Resources */ = {
			isa = PBXResourcesBuildPhase;
			buildActionMask = 2147483647;
			files = (
			);
			runOnlyForDeploymentPostprocessing = 0;
		};
		4EE2A36E2C9205A600D416C7 /* Resources */ = {
			isa = PBXResourcesBuildPhase;
			buildActionMask = 2147483647;
			files = (
			);
			runOnlyForDeploymentPostprocessing = 0;
		};
/* End PBXResourcesBuildPhase section */

/* Begin PBXSourcesBuildPhase section */
		4EE2A3522C92059E00D416C7 /* Sources */ = {
			isa = PBXSourcesBuildPhase;
			buildActionMask = 2147483647;
			files = (
				4EE2A35C2C92059E00D416C7 /* ContentView.swift in Sources */,
				4EE2A35A2C92059E00D416C7 /* Screentime_SandboxApp.swift in Sources */,
			);
			runOnlyForDeploymentPostprocessing = 0;
		};
		4EE2A3622C9205A500D416C7 /* Sources */ = {
			isa = PBXSourcesBuildPhase;
			buildActionMask = 2147483647;
			files = (
				4EE2A36B2C9205A500D416C7 /* Screentime_SandboxTests.swift in Sources */,
			);
			runOnlyForDeploymentPostprocessing = 0;
		};
		4EE2A36C2C9205A600D416C7 /* Sources */ = {
			isa = PBXSourcesBuildPhase;
			buildActionMask = 2147483647;
			files = (
				4EE2A3752C9205A600D416C7 /* Screentime_SandboxUITests.swift in Sources */,
				4EE2A3772C9205A600D416C7 /* Screentime_SandboxUITestsLaunchTests.swift in Sources */,
			);
			runOnlyForDeploymentPostprocessing = 0;
		};
/* End PBXSourcesBuildPhase section */

/* Begin PBXTargetDependency section */
		4EE2A3682C9205A500D416C7 /* PBXTargetDependency */ = {
			isa = PBXTargetDependency;
			target = 4EE2A3552C92059E00D416C7 /* Screentime-Sandbox */;
			targetProxy = 4EE2A3672C9205A500D416C7 /* PBXContainerItemProxy */;
		};
		4EE2A3722C9205A600D416C7 /* PBXTargetDependency */ = {
			isa = PBXTargetDependency;
			target = 4EE2A3552C92059E00D416C7 /* Screentime-Sandbox */;
			targetProxy = 4EE2A3712C9205A600D416C7 /* PBXContainerItemProxy */;
		};
/* End PBXTargetDependency section */

/* Begin XCBuildConfiguration section */
		4EE2A3782C9205A600D416C7 /* Debug */ = {
			isa = XCBuildConfiguration;
			buildSettings = {
				ALWAYS_SEARCH_USER_PATHS = NO;
				ASSETCATALOG_COMPILER_GENERATE_SWIFT_ASSET_SYMBOL_EXTENSIONS = YES;
				CLANG_ANALYZER_NONNULL = YES;
				CLANG_ANALYZER_NUMBER_OBJECT_CONVERSION = YES_AGGRESSIVE;
				CLANG_CXX_LANGUAGE_STANDARD = "gnu++20";
				CLANG_ENABLE_MODULES = YES;
				CLANG_ENABLE_OBJC_ARC = YES;
				CLANG_ENABLE_OBJC_WEAK = YES;
				CLANG_WARN_BLOCK_CAPTURE_AUTORELEASING = YES;
				CLANG_WARN_BOOL_CONVERSION = YES;
				CLANG_WARN_COMMA = YES;
				CLANG_WARN_CONSTANT_CONVERSION = YES;
				CLANG_WARN_DEPRECATED_OBJC_IMPLEMENTATIONS = YES;
				CLANG_WARN_DIRECT_OBJC_ISA_USAGE = YES_ERROR;
				CLANG_WARN_DOCUMENTATION_COMMENTS = YES;
				CLANG_WARN_EMPTY_BODY = YES;
				CLANG_WARN_ENUM_CONVERSION = YES;
				CLANG_WARN_INFINITE_RECURSION = YES;
				CLANG_WARN_INT_CONVERSION = YES;
				CLANG_WARN_NON_LITERAL_NULL_CONVERSION = YES;
				CLANG_WARN_OBJC_IMPLICIT_RETAIN_SELF = YES;
				CLANG_WARN_OBJC_LITERAL_CONVERSION = YES;
				CLANG_WARN_OBJC_ROOT_CLASS = YES_ERROR;
				CLANG_WARN_QUOTED_INCLUDE_IN_FRAMEWORK_HEADER = YES;
				CLANG_WARN_RANGE_LOOP_ANALYSIS = YES;
				CLANG_WARN_STRICT_PROTOTYPES = YES;
				CLANG_WARN_SUSPICIOUS_MOVE = YES;
				CLANG_WARN_UNGUARDED_AVAILABILITY = YES_AGGRESSIVE;
				CLANG_WARN_UNREACHABLE_CODE = YES;
				CLANG_WARN__DUPLICATE_METHOD_MATCH = YES;
				COPY_PHASE_STRIP = NO;
				DEBUG_INFORMATION_FORMAT = dwarf;
				ENABLE_STRICT_OBJC_MSGSEND = YES;
				ENABLE_TESTABILITY = YES;
				ENABLE_USER_SCRIPT_SANDBOXING = YES;
				GCC_C_LANGUAGE_STANDARD = gnu17;
				GCC_DYNAMIC_NO_PIC = NO;
				GCC_NO_COMMON_BLOCKS = YES;
				GCC_OPTIMIZATION_LEVEL = 0;
				GCC_PREPROCESSOR_DEFINITIONS = (
					"DEBUG=1",
					"$(inherited)",
				);
				GCC_WARN_64_TO_32_BIT_CONVERSION = YES;
				GCC_WARN_ABOUT_RETURN_TYPE = YES_ERROR;
				GCC_WARN_UNDECLARED_SELECTOR = YES;
				GCC_WARN_UNINITIALIZED_AUTOS = YES_AGGRESSIVE;
				GCC_WARN_UNUSED_FUNCTION = YES;
				GCC_WARN_UNUSED_VARIABLE = YES;
				IPHONEOS_DEPLOYMENT_TARGET = 17.5;
				LOCALIZATION_PREFERS_STRING_CATALOGS = YES;
				MTL_ENABLE_DEBUG_INFO = INCLUDE_SOURCE;
				MTL_FAST_MATH = YES;
				ONLY_ACTIVE_ARCH = YES;
				SDKROOT = iphoneos;
				SWIFT_ACTIVE_COMPILATION_CONDITIONS = "DEBUG $(inherited)";
				SWIFT_OPTIMIZATION_LEVEL = "-Onone";
			};
			name = Debug;
		};
		4EE2A3792C9205A600D416C7 /* Release */ = {
			isa = XCBuildConfiguration;
			buildSettings = {
				ALWAYS_SEARCH_USER_PATHS = NO;
				ASSETCATALOG_COMPILER_GENERATE_SWIFT_ASSET_SYMBOL_EXTENSIONS = YES;
				CLANG_ANALYZER_NONNULL = YES;
				CLANG_ANALYZER_NUMBER_OBJECT_CONVERSION = YES_AGGRESSIVE;
				CLANG_CXX_LANGUAGE_STANDARD = "gnu++20";
				CLANG_ENABLE_MODULES = YES;
				CLANG_ENABLE_OBJC_ARC = YES;
				CLANG_ENABLE_OBJC_WEAK = YES;
				CLANG_WARN_BLOCK_CAPTURE_AUTORELEASING = YES;
				CLANG_WARN_BOOL_CONVERSION = YES;
				CLANG_WARN_COMMA = YES;
				CLANG_WARN_CONSTANT_CONVERSION = YES;
				CLANG_WARN_DEPRECATED_OBJC_IMPLEMENTATIONS = YES;
				CLANG_WARN_DIRECT_OBJC_ISA_USAGE = YES_ERROR;
				CLANG_WARN_DOCUMENTATION_COMMENTS = YES;
				CLANG_WARN_EMPTY_BODY = YES;
				CLANG_WARN_ENUM_CONVERSION = YES;
				CLANG_WARN_INFINITE_RECURSION = YES;
				CLANG_WARN_INT_CONVERSION = YES;
				CLANG_WARN_NON_LITERAL_NULL_CONVERSION = YES;
				CLANG_WARN_OBJC_IMPLICIT_RETAIN_SELF = YES;
				CLANG_WARN_OBJC_LITERAL_CONVERSION = YES;
				CLANG_WARN_OBJC_ROOT_CLASS = YES_ERROR;
				CLANG_WARN_QUOTED_INCLUDE_IN_FRAMEWORK_HEADER = YES;
				CLANG_WARN_RANGE_LOOP_ANALYSIS = YES;
				CLANG_WARN_STRICT_PROTOTYPES = YES;
				CLANG_WARN_SUSPICIOUS_MOVE = YES;
				CLANG_WARN_UNGUARDED_AVAILABILITY = YES_AGGRESSIVE;
				CLANG_WARN_UNREACHABLE_CODE = YES;
				CLANG_WARN__DUPLICATE_METHOD_MATCH = YES;
				COPY_PHASE_STRIP = NO;
				DEBUG_INFORMATION_FORMAT = "dwarf-with-dsym";
				ENABLE_NS_ASSERTIONS = NO;
				ENABLE_STRICT_OBJC_MSGSEND = YES;
				ENABLE_USER_SCRIPT_SANDBOXING = YES;
				GCC_C_LANGUAGE_STANDARD = gnu17;
				GCC_NO_COMMON_BLOCKS = YES;
				GCC_WARN_64_TO_32_BIT_CONVERSION = YES;
				GCC_WARN_ABOUT_RETURN_TYPE = YES_ERROR;
				GCC_WARN_UNDECLARED_SELECTOR = YES;
				GCC_WARN_UNINITIALIZED_AUTOS = YES_AGGRESSIVE;
				GCC_WARN_UNUSED_FUNCTION = YES;
				GCC_WARN_UNUSED_VARIABLE = YES;
				IPHONEOS_DEPLOYMENT_TARGET = 17.5;
				LOCALIZATION_PREFERS_STRING_CATALOGS = YES;
				MTL_ENABLE_DEBUG_INFO = NO;
				MTL_FAST_MATH = YES;
				SDKROOT = iphoneos;
				SWIFT_COMPILATION_MODE = wholemodule;
				VALIDATE_PRODUCT = YES;
			};
			name = Release;
		};
		4EE2A37B2C9205A600D416C7 /* Debug */ = {
			isa = XCBuildConfiguration;
			buildSettings = {
				ASSETCATALOG_COMPILER_APPICON_NAME = AppIcon;
				ASSETCATALOG_COMPILER_GLOBAL_ACCENT_COLOR_NAME = AccentColor;
				CODE_SIGN_STYLE = Automatic;
				CURRENT_PROJECT_VERSION = 1;
				DEVELOPMENT_ASSET_PATHS = "\"Screentime-Sandbox/Preview Content\"";
				DEVELOPMENT_TEAM = B882HCYZLZ;
				ENABLE_PREVIEWS = YES;
				GENERATE_INFOPLIST_FILE = YES;
				INFOPLIST_KEY_UIApplicationSceneManifest_Generation = YES;
				INFOPLIST_KEY_UIApplicationSupportsIndirectInputEvents = YES;
				INFOPLIST_KEY_UILaunchScreen_Generation = YES;
				INFOPLIST_KEY_UISupportedInterfaceOrientations_iPad = "UIInterfaceOrientationPortrait UIInterfaceOrientationPortraitUpsideDown UIInterfaceOrientationLandscapeLeft UIInterfaceOrientationLandscapeRight";
				INFOPLIST_KEY_UISupportedInterfaceOrientations_iPhone = "UIInterfaceOrientationPortrait UIInterfaceOrientationLandscapeLeft UIInterfaceOrientationLandscapeRight";
				LD_RUNPATH_SEARCH_PATHS = (
					"$(inherited)",
					"@executable_path/Frameworks",
				);
				MARKETING_VERSION = 1.0;
				PRODUCT_BUNDLE_IDENTIFIER = "TwinStar.Screentime-Sandbox";
				PRODUCT_NAME = "$(TARGET_NAME)";
				SWIFT_EMIT_LOC_STRINGS = YES;
				SWIFT_VERSION = 5.0;
				TARGETED_DEVICE_FAMILY = "1,2";
			};
			name = Debug;
		};
		4EE2A37C2C9205A600D416C7 /* Release */ = {
			isa = XCBuildConfiguration;
			buildSettings = {
				ASSETCATALOG_COMPILER_APPICON_NAME = AppIcon;
				ASSETCATALOG_COMPILER_GLOBAL_ACCENT_COLOR_NAME = AccentColor;
				CODE_SIGN_STYLE = Automatic;
				CURRENT_PROJECT_VERSION = 1;
				DEVELOPMENT_ASSET_PATHS = "\"Screentime-Sandbox/Preview Content\"";
				DEVELOPMENT_TEAM = B882HCYZLZ;
				ENABLE_PREVIEWS = YES;
				GENERATE_INFOPLIST_FILE = YES;
				INFOPLIST_KEY_UIApplicationSceneManifest_Generation = YES;
				INFOPLIST_KEY_UIApplicationSupportsIndirectInputEvents = YES;
				INFOPLIST_KEY_UILaunchScreen_Generation = YES;
				INFOPLIST_KEY_UISupportedInterfaceOrientations_iPad = "UIInterfaceOrientationPortrait UIInterfaceOrientationPortraitUpsideDown UIInterfaceOrientationLandscapeLeft UIInterfaceOrientationLandscapeRight";
				INFOPLIST_KEY_UISupportedInterfaceOrientations_iPhone = "UIInterfaceOrientationPortrait UIInterfaceOrientationLandscapeLeft UIInterfaceOrientationLandscapeRight";
				LD_RUNPATH_SEARCH_PATHS = (
					"$(inherited)",
					"@executable_path/Frameworks",
				);
				MARKETING_VERSION = 1.0;
				PRODUCT_BUNDLE_IDENTIFIER = "TwinStar.Screentime-Sandbox";
				PRODUCT_NAME = "$(TARGET_NAME)";
				SWIFT_EMIT_LOC_STRINGS = YES;
				SWIFT_VERSION = 5.0;
				TARGETED_DEVICE_FAMILY = "1,2";
			};
			name = Release;
		};
		4EE2A37E2C9205A600D416C7 /* Debug */ = {
			isa = XCBuildConfiguration;
			buildSettings = {
				ALWAYS_EMBED_SWIFT_STANDARD_LIBRARIES = YES;
				BUNDLE_LOADER = "$(TEST_HOST)";
				CODE_SIGN_STYLE = Automatic;
				CURRENT_PROJECT_VERSION = 1;
				DEVELOPMENT_TEAM = B882HCYZLZ;
				GENERATE_INFOPLIST_FILE = YES;
				IPHONEOS_DEPLOYMENT_TARGET = 17.5;
				MARKETING_VERSION = 1.0;
				PRODUCT_BUNDLE_IDENTIFIER = "TwinStar.Screentime-SandboxTests";
				PRODUCT_NAME = "$(TARGET_NAME)";
				SWIFT_EMIT_LOC_STRINGS = NO;
				SWIFT_VERSION = 5.0;
				TARGETED_DEVICE_FAMILY = "1,2";
				TEST_HOST = "$(BUILT_PRODUCTS_DIR)/Screentime-Sandbox.app/$(BUNDLE_EXECUTABLE_FOLDER_PATH)/Screentime-Sandbox";
			};
			name = Debug;
		};
		4EE2A37F2C9205A600D416C7 /* Release */ = {
			isa = XCBuildConfiguration;
			buildSettings = {
				ALWAYS_EMBED_SWIFT_STANDARD_LIBRARIES = YES;
				BUNDLE_LOADER = "$(TEST_HOST)";
				CODE_SIGN_STYLE = Automatic;
				CURRENT_PROJECT_VERSION = 1;
				DEVELOPMENT_TEAM = B882HCYZLZ;
				GENERATE_INFOPLIST_FILE = YES;
				IPHONEOS_DEPLOYMENT_TARGET = 17.5;
				MARKETING_VERSION = 1.0;
				PRODUCT_BUNDLE_IDENTIFIER = "TwinStar.Screentime-SandboxTests";
				PRODUCT_NAME = "$(TARGET_NAME)";
				SWIFT_EMIT_LOC_STRINGS = NO;
				SWIFT_VERSION = 5.0;
				TARGETED_DEVICE_FAMILY = "1,2";
				TEST_HOST = "$(BUILT_PRODUCTS_DIR)/Screentime-Sandbox.app/$(BUNDLE_EXECUTABLE_FOLDER_PATH)/Screentime-Sandbox";
			};
			name = Release;
		};
		4EE2A3812C9205A600D416C7 /* Debug */ = {
			isa = XCBuildConfiguration;
			buildSettings = {
				ALWAYS_EMBED_SWIFT_STANDARD_LIBRARIES = YES;
				CODE_SIGN_STYLE = Automatic;
				CURRENT_PROJECT_VERSION = 1;
				DEVELOPMENT_TEAM = B882HCYZLZ;
				GENERATE_INFOPLIST_FILE = YES;
				MARKETING_VERSION = 1.0;
				PRODUCT_BUNDLE_IDENTIFIER = "TwinStar.Screentime-SandboxUITests";
				PRODUCT_NAME = "$(TARGET_NAME)";
				SWIFT_EMIT_LOC_STRINGS = NO;
				SWIFT_VERSION = 5.0;
				TARGETED_DEVICE_FAMILY = "1,2";
				TEST_TARGET_NAME = "Screentime-Sandbox";
			};
			name = Debug;
		};
		4EE2A3822C9205A600D416C7 /* Release */ = {
			isa = XCBuildConfiguration;
			buildSettings = {
				ALWAYS_EMBED_SWIFT_STANDARD_LIBRARIES = YES;
				CODE_SIGN_STYLE = Automatic;
				CURRENT_PROJECT_VERSION = 1;
				DEVELOPMENT_TEAM = B882HCYZLZ;
				GENERATE_INFOPLIST_FILE = YES;
				MARKETING_VERSION = 1.0;
				PRODUCT_BUNDLE_IDENTIFIER = "TwinStar.Screentime-SandboxUITests";
				PRODUCT_NAME = "$(TARGET_NAME)";
				SWIFT_EMIT_LOC_STRINGS = NO;
				SWIFT_VERSION = 5.0;
				TARGETED_DEVICE_FAMILY = "1,2";
				TEST_TARGET_NAME = "Screentime-Sandbox";
			};
			name = Release;
		};
/* End XCBuildConfiguration section */

/* Begin XCConfigurationList section */
		4EE2A3512C92059D00D416C7 /* Build configuration list for PBXProject "Screentime-Sandbox" */ = {
			isa = XCConfigurationList;
			buildConfigurations = (
				4EE2A3782C9205A600D416C7 /* Debug */,
				4EE2A3792C9205A600D416C7 /* Release */,
			);
			defaultConfigurationIsVisible = 0;
			defaultConfigurationName = Release;
		};
		4EE2A37A2C9205A600D416C7 /* Build configuration list for PBXNativeTarget "Screentime-Sandbox" */ = {
			isa = XCConfigurationList;
			buildConfigurations = (
				4EE2A37B2C9205A600D416C7 /* Debug */,
				4EE2A37C2C9205A600D416C7 /* Release */,
			);
			defaultConfigurationIsVisible = 0;
			defaultConfigurationName = Release;
		};
		4EE2A37D2C9205A600D416C7 /* Build configuration list for PBXNativeTarget "Screentime-SandboxTests" */ = {
			isa = XCConfigurationList;
			buildConfigurations = (
				4EE2A37E2C9205A600D416C7 /* Debug */,
				4EE2A37F2C9205A600D416C7 /* Release */,
			);
			defaultConfigurationIsVisible = 0;
			defaultConfigurationName = Release;
		};
		4EE2A3802C9205A600D416C7 /* Build configuration list for PBXNativeTarget "Screentime-SandboxUITests" */ = {
			isa = XCConfigurationList;
			buildConfigurations = (
				4EE2A3812C9205A600D416C7 /* Debug */,
				4EE2A3822C9205A600D416C7 /* Release */,
			);
			defaultConfigurationIsVisible = 0;
			defaultConfigurationName = Release;
		};
/* End XCConfigurationList section */
	};
	rootObject = 4EE2A34E2C92059D00D416C7 /* Project object */;
}
